# Generated by pub
# See http://pub.dartlang.org/doc/glossary.html#lockfile
packages:
  args:
    description: args
    source: hosted
    version: "0.6.21+3"
  browser:
    description: browser
    source: hosted
    version: "0.7.3+1"
  bson:
    description: bson
    source: hosted
    version: "0.1.11"
  crypto:
    description: crypto
    source: hosted
    version: "0.6.21+3"
  logging:
    description: logging
    source: hosted
    version: "0.8.1"
  meta:
    description: meta
    source: hosted
    version: "0.6.21+3"
  mongo_dart:
    description: mongo_dart
    source: hosted
    version: "0.1.30"
  mongo_dart_query:
    description: mongo_dart_query
    source: hosted
    version: "0.1.10"
  path:
    description: path
    source: hosted
    version: "0.7.3+1"
  rikulo_commons:
    description: rikulo_commons
    source: hosted
    version: "0.8.7"
  rikulo_security:
    description: rikulo_security
    source: hosted
    version: "0.6.0"
  stack_trace:
    description: stack_trace
    source: hosted
    version: "0.7.3+1"
  stream:
    description: stream
    source: hosted
    version: "0.8.3+3"
  unittest:
    description: unittest
    source: hosted
    version: "0.7.3+1"
  unmodifiable_collection:
    description: unmodifiable_collection
    source: hosted
    version: "0.7.3+1"
