# Generated by pub
# See http://pub.dartlang.org/doc/glossary.html#lockfile
packages:
  args:
    description: args
    source: hosted
    version: "0.6.21+3"
  bootjack:
    description: bootjack
    source: hosted
    version: "0.6.1+1"
  browser:
    description: browser
    source: hosted
    version: "0.7.3+1"
  bson:
    description: bson
    source: hosted
    version: "0.1.11"
  crypto:
    description: crypto
    source: hosted
    version: "0.6.21+3"
  dquery:
    description: dquery
    source: hosted
    version: "0.5.3+1"
  logging:
    description: logging
    source: hosted
    version: "0.8.1"
  meta:
    description: meta
    source: hosted
    version: "0.6.21+3"
  mongo_dart:
    description:
      ref: null
      resolved-ref: "7553beeaaa63d5afaf5b96192094321dc030e8b0"
      url: "git://github.com/vadimtsushko/mongo_dart.git"
    source: git
    version: "0.1.31-dev"
  mongo_dart_query:
    description: mongo_dart_query
    source: hosted
    version: "0.1.10"
  path:
    description: path
    source: hosted
    version: "0.7.3+1"
  rikulo_commons:
    description: rikulo_commons
    source: hosted
    version: "0.8.7"
  rikulo_security:
    description: rikulo_security
    source: hosted
    version: "0.6.0"
  stack_trace:
    description: stack_trace
    source: hosted
    version: "0.7.3+1"
  stream:
    description: stream
    source: hosted
    version: "0.8.3+3"
  unittest:
    description: unittest
    source: hosted
    version: "0.7.3+1"
  unmodifiable_collection:
    description: unmodifiable_collection
    source: hosted
    version: "0.7.3+1"
